{
  "name": "exercises",
  "version": "1.0.0",
  "lockfileVersion": 3,
  "requires": true,
  "packages": {
    "": {
      "name": "exercises",
      "version": "1.0.0",
      "license": "ISC",
      "dependencies": {
        "node-encryption": "^2.0.1"
      }
    },
    "node_modules/node-encryption": {
      "version": "2.0.1",
      "resolved": "https://registry.npmjs.org/node-encryption/-/node-encryption-2.0.1.tgz",
      "integrity": "sha512-VPNuwP6qczbOPk0o9X1fZ3wdmosiLz8AZ1aRfVC6JyvU56+dfXvS2dAOxsck1FXmZQ5Fe3SxNKjGTYdkHnpQrg==",
      "license": "MIT"
    }
  }
}
